
Microsoft Visual Studio Solution File, Format Version 12.00
# Visual Studio Version 16
VisualStudioVersion = 16.0.31424.327
MinimumVisualStudioVersion = 10.0.40219.1
Project("{FAE04EC0-301F-11D3-BF4B-00C04F79EFBC}") = "ArchitectZad1WPF", "ArchitectZad1WPF\ArchitectZad1WPF.csproj", "{75BC54CB-040A-4DC3-855A-3D1E9424A1C1}"
EndProject
Global
	GlobalSection(SolutionConfigurationPlatforms) = preSolution
		Debug|Any CPU = Debug|Any CPU
		Release|Any CPU = Release|Any CPU
	EndGlobalSection
	GlobalSection(ProjectConfigurationPlatforms) = postSolution
		{75BC54CB-040A-4DC3-855A-3D1E9424A1C1}.Debug|Any CPU.ActiveCfg = Debug|Any CPU
		{75BC54CB-040A-4DC3-855A-3D1E9424A1C1}.Debug|Any CPU.Build.0 = Debug|Any CPU
		{75BC54CB-040A-4DC3-855A-3D1E9424A1C1}.Release|Any CPU.ActiveCfg = Release|Any CPU
		{75BC54CB-040A-4DC3-855A-3D1E9424A1C1}.Release|Any CPU.Build.0 = Release|Any CPU
	EndGlobalSection
	GlobalSection(SolutionProperties) = preSolution
		HideSolutionNode = FALSE
	EndGlobalSection
	GlobalSection(ExtensibilityGlobals) = postSolution
		SolutionGuid = {291FA132-69C7-428D-AC04-F38E1A99D4A7}
	EndGlobalSection
EndGlobal
